
Microsoft Visual Studio Solution File, Format Version 12.00
# Visual Studio 15
VisualStudioVersion = 15.0.27004.2009
MinimumVisualStudioVersion = 10.0.40219.1
Project("{FAE04EC0-301F-11D3-BF4B-00C04F79EFBC}") = "Coursework", "Coursework\Coursework.csproj", "{D1B16AAA-10D0-48C1-89B5-E7E638C52A3C}"
EndProject
Global
	GlobalSection(SolutionConfigurationPlatforms) = preSolution
		Debug|Any CPU = Debug|Any CPU
		Release|Any CPU = Release|Any CPU
	EndGlobalSection
	GlobalSection(ProjectConfigurationPlatforms) = postSolution
		{D1B16AAA-10D0-48C1-89B5-E7E638C52A3C}.Debug|Any CPU.ActiveCfg = Debug|Any CPU
		{D1B16AAA-10D0-48C1-89B5-E7E638C52A3C}.Debug|Any CPU.Build.0 = Debug|Any CPU
		{D1B16AAA-10D0-48C1-89B5-E7E638C52A3C}.Release|Any CPU.ActiveCfg = Release|Any CPU
		{D1B16AAA-10D0-48C1-89B5-E7E638C52A3C}.Release|Any CPU.Build.0 = Release|Any CPU
	EndGlobalSection
	GlobalSection(SolutionProperties) = preSolution
		HideSolutionNode = FALSE
	EndGlobalSection
	GlobalSection(ExtensibilityGlobals) = postSolution
		SolutionGuid = {C1DBDBDC-187D-476B-8526-DC9B17841275}
	EndGlobalSection
EndGlobal
